# This file is generated by running "yarn install" inside your project.
# Manual changes might be lost - proceed with caution!

__metadata:
  version: 6
  cacheKey: 8

"@types/cookiejar@npm:*":
  version: 2.1.2
  resolution: "@types/cookiejar@npm:2.1.2"
  checksum: f6e1903454007f86edd6c3520cbb4d553e1d4e17eaf1f77f6f75e3270f48cc828d74397a113a36942f5fe52f9fa71067bcfa738f53ad468fcca0bc52cb1cbd28
  languageName: node
  linkType: hard

"@types/fs-extra@npm:^11.0.1":
  version: 11.0.1
  resolution: "@types/fs-extra@npm:11.0.1"
  dependencies:
    "@types/jsonfile": "*"
    "@types/node": "*"
  checksum: 3e930346e5d84f419deb8ced1c582beef8cb20d0bd8a0eb145a37d75bab0572a1895f0e48a0d681d386b3a58b9a992b2d2acecc464bcaec2548f53ea00718651
  languageName: node
  linkType: hard

"@types/jsonfile@npm:*":
  version: 6.1.1
  resolution: "@types/jsonfile@npm:6.1.1"
  dependencies:
    "@types/node": "*"
  checksum: 0f8fe0a9221a00e8413cffba723dfe16553868724b830237256fb0052ecd5cac96498189d1235a001cfa815f352008261c9ceb373f0aa58227f891e0c7a12c4d
  languageName: node
  linkType: hard

"@types/lodash@npm:^4.14.192":
  version: 4.14.192
  resolution: "@types/lodash@npm:4.14.192"
  checksum: 31e1f0543a04158d2c429c45efd7c77882736630d0652f82eb337d6159ec0c249c5d175c0af731537b53271e665ff8d76f43221d75d03646d31cb4bd6f0056b1
  languageName: node
  linkType: hard

"@types/node@npm:*, @types/node@npm:^18.15.11":
  version: 18.15.11
  resolution: "@types/node@npm:18.15.11"
  checksum: 977b4ad04708897ff0eb049ecf82246d210939c82461922d20f7d2dcfd81bbc661582ba3af28869210f7e8b1934529dcd46bff7d448551400f9d48b9d3bddec3
  languageName: node
  linkType: hard

"@types/superagent@npm:^4.1.16":
  version: 4.1.16
  resolution: "@types/superagent@npm:4.1.16"
  dependencies:
    "@types/cookiejar": "*"
    "@types/node": "*"
  checksum: 187d1d32fdafd20b27e81728c46283160d3296ad904d56e0780769cf524105c94cc64bf5bafa170400cf5f1063d30826427de42ff0894d15b54df6d0fa31be4e
  languageName: node
  linkType: hard

"asap@npm:^2.0.0":
  version: 2.0.6
  resolution: "asap@npm:2.0.6"
  checksum: b296c92c4b969e973260e47523207cd5769abd27c245a68c26dc7a0fe8053c55bb04360237cb51cab1df52be939da77150ace99ad331fb7fb13b3423ed73ff3d
  languageName: node
  linkType: hard

"asynckit@npm:^0.4.0":
  version: 0.4.0
  resolution: "asynckit@npm:0.4.0"
  checksum: 7b78c451df768adba04e2d02e63e2d0bf3b07adcd6e42b4cf665cb7ce899bedd344c69a1dcbce355b5f972d597b25aaa1c1742b52cffd9caccb22f348114f6be
  languageName: node
  linkType: hard

"call-bind@npm:^1.0.0":
  version: 1.0.2
  resolution: "call-bind@npm:1.0.2"
  dependencies:
    function-bind: ^1.1.1
    get-intrinsic: ^1.0.2
  checksum: f8e31de9d19988a4b80f3e704788c4a2d6b6f3d17cfec4f57dc29ced450c53a49270dc66bf0fbd693329ee948dd33e6c90a329519aef17474a4d961e8d6426b0
  languageName: node
  linkType: hard

"canvas-lms-ts@workspace:.":
  version: 0.0.0-use.local
  resolution: "canvas-lms-ts@workspace:."
  dependencies:
    "@types/fs-extra": ^11.0.1
    "@types/lodash": ^4.14.192
    "@types/node": ^18.15.11
    "@types/superagent": ^4.1.16
    commander: ^10.0.0
    filenamify: ^5.1.1
    fs-extra: ^11.1.1
    lodash: ^4.17.21
    superagent: ^8.0.9
    typescript: ^5.0.2
  languageName: unknown
  linkType: soft

"combined-stream@npm:^1.0.8":
  version: 1.0.8
  resolution: "combined-stream@npm:1.0.8"
  dependencies:
    delayed-stream: ~1.0.0
  checksum: 49fa4aeb4916567e33ea81d088f6584749fc90c7abec76fd516bf1c5aa5c79f3584b5ba3de6b86d26ddd64bae5329c4c7479343250cfe71c75bb366eae53bb7c
  languageName: node
  linkType: hard

"commander@npm:^10.0.0":
  version: 10.0.0
  resolution: "commander@npm:10.0.0"
  checksum: 9f6495651f878213005ac744dd87a85fa3d9f2b8b90d1c19d0866d666bda7f735adfd7c2f10dfff345782e2f80ea258f98bb4efcef58e4e502f25f883940acfd
  languageName: node
  linkType: hard

"component-emitter@npm:^1.3.0":
  version: 1.3.0
  resolution: "component-emitter@npm:1.3.0"
  checksum: b3c46de38ffd35c57d1c02488355be9f218e582aec72d72d1b8bbec95a3ac1b38c96cd6e03ff015577e68f550fbb361a3bfdbd9bb248be9390b7b3745691be6b
  languageName: node
  linkType: hard

"cookiejar@npm:^2.1.4":
  version: 2.1.4
  resolution: "cookiejar@npm:2.1.4"
  checksum: c4442111963077dc0e5672359956d6556a195d31cbb35b528356ce5f184922b99ac48245ac05ed86cf993f7df157c56da10ab3efdadfed79778a0d9b1b092d5b
  languageName: node
  linkType: hard

"debug@npm:^4.3.4":
  version: 4.3.4
  resolution: "debug@npm:4.3.4"
  dependencies:
    ms: 2.1.2
  peerDependenciesMeta:
    supports-color:
      optional: true
  checksum: 3dbad3f94ea64f34431a9cbf0bafb61853eda57bff2880036153438f50fb5a84f27683ba0d8e5426bf41a8c6ff03879488120cf5b3a761e77953169c0600a708
  languageName: node
  linkType: hard

"delayed-stream@npm:~1.0.0":
  version: 1.0.0
  resolution: "delayed-stream@npm:1.0.0"
  checksum: 46fe6e83e2cb1d85ba50bd52803c68be9bd953282fa7096f51fc29edd5d67ff84ff753c51966061e5ba7cb5e47ef6d36a91924eddb7f3f3483b1c560f77a0020
  languageName: node
  linkType: hard

"dezalgo@npm:^1.0.4":
  version: 1.0.4
  resolution: "dezalgo@npm:1.0.4"
  dependencies:
    asap: ^2.0.0
    wrappy: 1
  checksum: 895389c6aead740d2ab5da4d3466d20fa30f738010a4d3f4dcccc9fc645ca31c9d10b7e1804ae489b1eb02c7986f9f1f34ba132d409b043082a86d9a4e745624
  languageName: node
  linkType: hard

"escape-string-regexp@npm:^5.0.0":
  version: 5.0.0
  resolution: "escape-string-regexp@npm:5.0.0"
  checksum: 20daabe197f3cb198ec28546deebcf24b3dbb1a5a269184381b3116d12f0532e06007f4bc8da25669d6a7f8efb68db0758df4cd981f57bc5b57f521a3e12c59e
  languageName: node
  linkType: hard

"fast-safe-stringify@npm:^2.1.1":
  version: 2.1.1
  resolution: "fast-safe-stringify@npm:2.1.1"
  checksum: a851cbddc451745662f8f00ddb622d6766f9bd97642dabfd9a405fb0d646d69fc0b9a1243cbf67f5f18a39f40f6fa821737651ff1bceeba06c9992ca2dc5bd3d
  languageName: node
  linkType: hard

"filename-reserved-regex@npm:^3.0.0":
  version: 3.0.0
  resolution: "filename-reserved-regex@npm:3.0.0"
  checksum: 1803e19ce64d7cb88ee5a1bd3ce282470a5c263987269222426d889049fc857e302284fa71937de9582eba7a9f39539557d45e0562f2fa51cade8efc68c65dd9
  languageName: node
  linkType: hard

"filenamify@npm:^5.1.1":
  version: 5.1.1
  resolution: "filenamify@npm:5.1.1"
  dependencies:
    filename-reserved-regex: ^3.0.0
    strip-outer: ^2.0.0
    trim-repeated: ^2.0.0
  checksum: 55a7ed0858eb2655bb1bb1e945a59e3fb30ba4767f6924fa064ccd731bff07678aac3cb4f3899ae0e1621fe81d6472b5688232bb6afd4eeb989ade785fc1c6f1
  languageName: node
  linkType: hard

"form-data@npm:^4.0.0":
  version: 4.0.0
  resolution: "form-data@npm:4.0.0"
  dependencies:
    asynckit: ^0.4.0
    combined-stream: ^1.0.8
    mime-types: ^2.1.12
  checksum: 01135bf8675f9d5c61ff18e2e2932f719ca4de964e3be90ef4c36aacfc7b9cb2fceb5eca0b7e0190e3383fe51c5b37f4cb80b62ca06a99aaabfcfd6ac7c9328c
  languageName: node
  linkType: hard

"formidable@npm:^2.1.2":
  version: 2.1.2
  resolution: "formidable@npm:2.1.2"
  dependencies:
    dezalgo: ^1.0.4
    hexoid: ^1.0.0
    once: ^1.4.0
    qs: ^6.11.0
  checksum: 81c8e5d89f5eb873e992893468f0de22c01678ca3d315db62be0560f9de1c77d4faefc9b1f4575098eb2263b3c81ba1024833a9fc3206297ddbac88a4f69b7a8
  languageName: node
  linkType: hard

"fs-extra@npm:^11.1.1":
  version: 11.1.1
  resolution: "fs-extra@npm:11.1.1"
  dependencies:
    graceful-fs: ^4.2.0
    jsonfile: ^6.0.1
    universalify: ^2.0.0
  checksum: fb883c68245b2d777fbc1f2082c9efb084eaa2bbf9fddaa366130d196c03608eebef7fb490541276429ee1ca99f317e2d73e96f5ca0999eefedf5a624ae1edfd
  languageName: node
  linkType: hard

"function-bind@npm:^1.1.1":
  version: 1.1.1
  resolution: "function-bind@npm:1.1.1"
  checksum: b32fbaebb3f8ec4969f033073b43f5c8befbb58f1a79e12f1d7490358150359ebd92f49e72ff0144f65f2c48ea2a605bff2d07965f548f6474fd8efd95bf361a
  languageName: node
  linkType: hard

"get-intrinsic@npm:^1.0.2":
  version: 1.2.0
  resolution: "get-intrinsic@npm:1.2.0"
  dependencies:
    function-bind: ^1.1.1
    has: ^1.0.3
    has-symbols: ^1.0.3
  checksum: 78fc0487b783f5c58cf2dccafc3ae656ee8d2d8062a8831ce4a95e7057af4587a1d4882246c033aca0a7b4965276f4802b45cc300338d1b77a73d3e3e3f4877d
  languageName: node
  linkType: hard

"graceful-fs@npm:^4.1.6, graceful-fs@npm:^4.2.0":
  version: 4.2.11
  resolution: "graceful-fs@npm:4.2.11"
  checksum: ac85f94da92d8eb6b7f5a8b20ce65e43d66761c55ce85ac96df6865308390da45a8d3f0296dd3a663de65d30ba497bd46c696cc1e248c72b13d6d567138a4fc7
  languageName: node
  linkType: hard

"has-symbols@npm:^1.0.3":
  version: 1.0.3
  resolution: "has-symbols@npm:1.0.3"
  checksum: a054c40c631c0d5741a8285010a0777ea0c068f99ed43e5d6eb12972da223f8af553a455132fdb0801bdcfa0e0f443c0c03a68d8555aa529b3144b446c3f2410
  languageName: node
  linkType: hard

"has@npm:^1.0.3":
  version: 1.0.3
  resolution: "has@npm:1.0.3"
  dependencies:
    function-bind: ^1.1.1
  checksum: b9ad53d53be4af90ce5d1c38331e712522417d017d5ef1ebd0507e07c2fbad8686fffb8e12ddecd4c39ca9b9b47431afbb975b8abf7f3c3b82c98e9aad052792
  languageName: node
  linkType: hard

"hexoid@npm:^1.0.0":
  version: 1.0.0
  resolution: "hexoid@npm:1.0.0"
  checksum: 27a148ca76a2358287f40445870116baaff4a0ed0acc99900bf167f0f708ffd82e044ff55e9949c71963852b580fc024146d3ac6d5d76b508b78d927fa48ae2d
  languageName: node
  linkType: hard

"jsonfile@npm:^6.0.1":
  version: 6.1.0
  resolution: "jsonfile@npm:6.1.0"
  dependencies:
    graceful-fs: ^4.1.6
    universalify: ^2.0.0
  dependenciesMeta:
    graceful-fs:
      optional: true
  checksum: 7af3b8e1ac8fe7f1eccc6263c6ca14e1966fcbc74b618d3c78a0a2075579487547b94f72b7a1114e844a1e15bb00d440e5d1720bfc4612d790a6f285d5ea8354
  languageName: node
  linkType: hard

"lodash@npm:^4.17.21":
  version: 4.17.21
  resolution: "lodash@npm:4.17.21"
  checksum: eb835a2e51d381e561e508ce932ea50a8e5a68f4ebdd771ea240d3048244a8d13658acbd502cd4829768c56f2e16bdd4340b9ea141297d472517b83868e677f7
  languageName: node
  linkType: hard

"lru-cache@npm:^6.0.0":
  version: 6.0.0
  resolution: "lru-cache@npm:6.0.0"
  dependencies:
    yallist: ^4.0.0
  checksum: f97f499f898f23e4585742138a22f22526254fdba6d75d41a1c2526b3b6cc5747ef59c5612ba7375f42aca4f8461950e925ba08c991ead0651b4918b7c978297
  languageName: node
  linkType: hard

"methods@npm:^1.1.2":
  version: 1.1.2
  resolution: "methods@npm:1.1.2"
  checksum: 0917ff4041fa8e2f2fda5425a955fe16ca411591fbd123c0d722fcf02b73971ed6f764d85f0a6f547ce49ee0221ce2c19a5fa692157931cecb422984f1dcd13a
  languageName: node
  linkType: hard

"mime-db@npm:1.52.0":
  version: 1.52.0
  resolution: "mime-db@npm:1.52.0"
  checksum: 0d99a03585f8b39d68182803b12ac601d9c01abfa28ec56204fa330bc9f3d1c5e14beb049bafadb3dbdf646dfb94b87e24d4ec7b31b7279ef906a8ea9b6a513f
  languageName: node
  linkType: hard

"mime-types@npm:^2.1.12":
  version: 2.1.35
  resolution: "mime-types@npm:2.1.35"
  dependencies:
    mime-db: 1.52.0
  checksum: 89a5b7f1def9f3af5dad6496c5ed50191ae4331cc5389d7c521c8ad28d5fdad2d06fd81baf38fed813dc4e46bb55c8145bb0ff406330818c9cf712fb2e9b3836
  languageName: node
  linkType: hard

"mime@npm:2.6.0":
  version: 2.6.0
  resolution: "mime@npm:2.6.0"
  bin:
    mime: cli.js
  checksum: 1497ba7b9f6960694268a557eae24b743fd2923da46ec392b042469f4b901721ba0adcf8b0d3c2677839d0e243b209d76e5edcbd09cfdeffa2dfb6bb4df4b862
  languageName: node
  linkType: hard

"ms@npm:2.1.2":
  version: 2.1.2
  resolution: "ms@npm:2.1.2"
  checksum: 673cdb2c3133eb050c745908d8ce632ed2c02d85640e2edb3ace856a2266a813b30c613569bf3354fdf4ea7d1a1494add3bfa95e2713baa27d0c2c71fc44f58f
  languageName: node
  linkType: hard

"object-inspect@npm:^1.9.0":
  version: 1.12.3
  resolution: "object-inspect@npm:1.12.3"
  checksum: dabfd824d97a5f407e6d5d24810d888859f6be394d8b733a77442b277e0808860555176719c5905e765e3743a7cada6b8b0a3b85e5331c530fd418cc8ae991db
  languageName: node
  linkType: hard

"once@npm:^1.4.0":
  version: 1.4.0
  resolution: "once@npm:1.4.0"
  dependencies:
    wrappy: 1
  checksum: cd0a88501333edd640d95f0d2700fbde6bff20b3d4d9bdc521bdd31af0656b5706570d6c6afe532045a20bb8dc0849f8332d6f2a416e0ba6d3d3b98806c7db68
  languageName: node
  linkType: hard

"qs@npm:^6.11.0":
  version: 6.11.1
  resolution: "qs@npm:6.11.1"
  dependencies:
    side-channel: ^1.0.4
  checksum: 82ee78ef12a16f3372fae5b64f76f8aedecb000feea882bbff1af146c147f6eb66b08f9c3f34d7e076f28563586956318b9b2ca41141846cdd6d5ad6f241d52f
  languageName: node
  linkType: hard

"semver@npm:^7.3.8":
  version: 7.3.8
  resolution: "semver@npm:7.3.8"
  dependencies:
    lru-cache: ^6.0.0
  bin:
    semver: bin/semver.js
  checksum: ba9c7cbbf2b7884696523450a61fee1a09930d888b7a8d7579025ad93d459b2d1949ee5bbfeb188b2be5f4ac163544c5e98491ad6152df34154feebc2cc337c1
  languageName: node
  linkType: hard

"side-channel@npm:^1.0.4":
  version: 1.0.4
  resolution: "side-channel@npm:1.0.4"
  dependencies:
    call-bind: ^1.0.0
    get-intrinsic: ^1.0.2
    object-inspect: ^1.9.0
  checksum: 351e41b947079c10bd0858364f32bb3a7379514c399edb64ab3dce683933483fc63fb5e4efe0a15a2e8a7e3c436b6a91736ddb8d8c6591b0460a24bb4a1ee245
  languageName: node
  linkType: hard

"strip-outer@npm:^2.0.0":
  version: 2.0.0
  resolution: "strip-outer@npm:2.0.0"
  checksum: 14ef9fe861e59a5f1555f1860982ae4edce2edb4ed34ab1b37cb62a8ba2f7c3540cbca6c884eabe4006e6cd729ab5d708a631169dd5b66fda570836e7e3b6589
  languageName: node
  linkType: hard

"superagent@npm:^8.0.9":
  version: 8.0.9
  resolution: "superagent@npm:8.0.9"
  dependencies:
    component-emitter: ^1.3.0
    cookiejar: ^2.1.4
    debug: ^4.3.4
    fast-safe-stringify: ^2.1.1
    form-data: ^4.0.0
    formidable: ^2.1.2
    methods: ^1.1.2
    mime: 2.6.0
    qs: ^6.11.0
    semver: ^7.3.8
  checksum: 5d00cdc7ceb5570663da80604965750e6b1b8d7d7442b7791e285c62bcd8d578a8ead0242a2426432b59a255fb42eb3a196d636157538a1392e7b6c5f1624810
  languageName: node
  linkType: hard

"trim-repeated@npm:^2.0.0":
  version: 2.0.0
  resolution: "trim-repeated@npm:2.0.0"
  dependencies:
    escape-string-regexp: ^5.0.0
  checksum: 4086eb0bc560f3da0370f427f423db4e3fc0a8e1560ecffc3b68512071319fe82dc9dd86d76b981d36ada76d7d49c3f8897ac054c87bc177e7a25abfd29e2bcd
  languageName: node
  linkType: hard

"typescript@npm:^5.0.2":
  version: 5.0.2
  resolution: "typescript@npm:5.0.2"
  bin:
    tsc: bin/tsc
    tsserver: bin/tsserver
  checksum: bef1dcd166acfc6934b2ec4d72f93edb8961a5fab36b8dd2aaf6f4f4cd5c0210f2e0850aef4724f3b4913d5aef203a94a28ded731b370880c8bcff7e4ff91fc1
  languageName: node
  linkType: hard

"typescript@patch:typescript@^5.0.2#~builtin<compat/typescript>":
  version: 5.0.2
  resolution: "typescript@patch:typescript@npm%3A5.0.2#~builtin<compat/typescript>::version=5.0.2&hash=85af82"
  bin:
    tsc: bin/tsc
    tsserver: bin/tsserver
  checksum: b63cb742fbb9aeb3085e002ad8f10d5fd963606aa4d6b3b65b4e76c396ff09739f03b5dbae08e1698c3bce9d5619d3f67aeb7ee470ed4016bd345b3cfe37b54a
  languageName: node
  linkType: hard

"universalify@npm:^2.0.0":
  version: 2.0.0
  resolution: "universalify@npm:2.0.0"
  checksum: 2406a4edf4a8830aa6813278bab1f953a8e40f2f63a37873ffa9a3bc8f9745d06cc8e88f3572cb899b7e509013f7f6fcc3e37e8a6d914167a5381d8440518c44
  languageName: node
  linkType: hard

"wrappy@npm:1":
  version: 1.0.2
  resolution: "wrappy@npm:1.0.2"
  checksum: 159da4805f7e84a3d003d8841557196034155008f817172d4e986bd591f74aa82aa7db55929a54222309e01079a65a92a9e6414da5a6aa4b01ee44a511ac3ee5
  languageName: node
  linkType: hard

"yallist@npm:^4.0.0":
  version: 4.0.0
  resolution: "yallist@npm:4.0.0"
  checksum: 343617202af32df2a15a3be36a5a8c0c8545208f3d3dfbc6bb7c3e3b7e8c6f8e7485432e4f3b88da3031a6e20afa7c711eded32ddfb122896ac5d914e75848d5
  languageName: node
  linkType: hard
